// !$*UTF8*$!
{
	archiveVersion = 1;
	classes = {
	};
	objectVersion = 55;
	objects = {

/* Begin PBXBuildFile section */
		5073A06829196E5400C6B2EA /* RealmService.swift in Sources */ = {isa = PBXBuildFile; fileRef = 5073A06729196E5400C6B2EA /* RealmService.swift */; };
		5073A06A29196E7800C6B2EA /* RouteManager.swift in Sources */ = {isa = PBXBuildFile; fileRef = 5073A06929196E7800C6B2EA /* RouteManager.swift */; };
		5073A06E29196EB400C6B2EA /* PrivateServiceKey.swift in Sources */ = {isa = PBXBuildFile; fileRef = 5073A06D29196EB400C6B2EA /* PrivateServiceKey.swift */; };
		5073A07029196ECE00C6B2EA /* RealmRouteCoodinate.swift in Sources */ = {isa = PBXBuildFile; fileRef = 5073A06F29196ECE00C6B2EA /* RealmRouteCoodinate.swift */; };
		508AB3802934FD8000CE4930 /* AppConfiguration.swift in Sources */ = {isa = PBXBuildFile; fileRef = 508AB37F2934FD8000CE4930 /* AppConfiguration.swift */; };
		50DF6253291D3FA30057C1A8 /* UserManager.swift in Sources */ = {isa = PBXBuildFile; fileRef = 50DF6252291D3FA20057C1A8 /* UserManager.swift */; };
		50DF6255291D3FF40057C1A8 /* RealmUser.swift in Sources */ = {isa = PBXBuildFile; fileRef = 50DF6254291D3FF40057C1A8 /* RealmUser.swift */; };
		50DF6258291D40450057C1A8 /* UserDefaults.swift in Sources */ = {isa = PBXBuildFile; fileRef = 50DF6257291D40450057C1A8 /* UserDefaults.swift */; };
		50DF625B291D40760057C1A8 /* UITextField+Ext.swift in Sources */ = {isa = PBXBuildFile; fileRef = 50DF625A291D40760057C1A8 /* UITextField+Ext.swift */; };
		50DF625E291D40CE0057C1A8 /* LoginViewController.swift in Sources */ = {isa = PBXBuildFile; fileRef = 50DF625D291D40CE0057C1A8 /* LoginViewController.swift */; };
		50DF6260291D40ED0057C1A8 /* RegistrationViewController.swift in Sources */ = {isa = PBXBuildFile; fileRef = 50DF625F291D40ED0057C1A8 /* RegistrationViewController.swift */; };
		50DF6263291D41440057C1A8 /* ApplicationCoordinator.swift in Sources */ = {isa = PBXBuildFile; fileRef = 50DF6262291D41440057C1A8 /* ApplicationCoordinator.swift */; };
		50DF6265291D41600057C1A8 /* AuthCoordinator.swift in Sources */ = {isa = PBXBuildFile; fileRef = 50DF6264291D41600057C1A8 /* AuthCoordinator.swift */; };
		50DF6267291D41840057C1A8 /* BaseCoordinator.swift in Sources */ = {isa = PBXBuildFile; fileRef = 50DF6266291D41840057C1A8 /* BaseCoordinator.swift */; };
		50DF6269291D41A00057C1A8 /* MainCoordinator.swift in Sources */ = {isa = PBXBuildFile; fileRef = 50DF6268291D41A00057C1A8 /* MainCoordinator.swift */; };
		50DF626C291D41CC0057C1A8 /* MapViewController.swift in Sources */ = {isa = PBXBuildFile; fileRef = 50DF626B291D41CC0057C1A8 /* MapViewController.swift */; };
		50F49DF5290166E1008B36A7 /* AppDelegate.swift in Sources */ = {isa = PBXBuildFile; fileRef = 50F49DF4290166E1008B36A7 /* AppDelegate.swift */; };
		50F49DF7290166E1008B36A7 /* SceneDelegate.swift in Sources */ = {isa = PBXBuildFile; fileRef = 50F49DF6290166E1008B36A7 /* SceneDelegate.swift */; };
		50F49DFC290166E1008B36A7 /* Main.storyboard in Resources */ = {isa = PBXBuildFile; fileRef = 50F49DFA290166E1008B36A7 /* Main.storyboard */; };
		50F49DFE290166E7008B36A7 /* Assets.xcassets in Resources */ = {isa = PBXBuildFile; fileRef = 50F49DFD290166E7008B36A7 /* Assets.xcassets */; };
		50F49E01290166E7008B36A7 /* LaunchScreen.storyboard in Resources */ = {isa = PBXBuildFile; fileRef = 50F49DFF290166E7008B36A7 /* LaunchScreen.storyboard */; };
		50F49E0C290166E8008B36A7 /* GBFrameworksTests.swift in Sources */ = {isa = PBXBuildFile; fileRef = 50F49E0B290166E8008B36A7 /* GBFrameworksTests.swift */; };
		50F49E16290166E8008B36A7 /* GBFrameworksUITests.swift in Sources */ = {isa = PBXBuildFile; fileRef = 50F49E15290166E8008B36A7 /* GBFrameworksUITests.swift */; };
		50F49E18290166E8008B36A7 /* GBFrameworksUITestsLaunchTests.swift in Sources */ = {isa = PBXBuildFile; fileRef = 50F49E17290166E8008B36A7 /* GBFrameworksUITestsLaunchTests.swift */; };
		5C38E9987DFF07E8F049E9C4 /* Pods_GBFrameworks.framework in Frameworks */ = {isa = PBXBuildFile; fileRef = 832FDEEA736CE0419F478F86 /* Pods_GBFrameworks.framework */; };
/* End PBXBuildFile section */

/* Begin PBXContainerItemProxy section */
		50F49E08290166E8008B36A7 /* PBXContainerItemProxy */ = {
			isa = PBXContainerItemProxy;
			containerPortal = 50F49DE9290166E1008B36A7 /* Project object */;
			proxyType = 1;
			remoteGlobalIDString = 50F49DF0290166E1008B36A7;
			remoteInfo = GBFrameworks;
		};
		50F49E12290166E8008B36A7 /* PBXContainerItemProxy */ = {
			isa = PBXContainerItemProxy;
			containerPortal = 50F49DE9290166E1008B36A7 /* Project object */;
			proxyType = 1;
			remoteGlobalIDString = 50F49DF0290166E1008B36A7;
			remoteInfo = GBFrameworks;
		};
/* End PBXContainerItemProxy section */

/* Begin PBXFileReference section */
		01942E3FCB8A56DEBB989650 /* Pods-GBFrameworks.debug.xcconfig */ = {isa = PBXFileReference; includeInIndex = 1; lastKnownFileType = text.xcconfig; name = "Pods-GBFrameworks.debug.xcconfig"; path = "Pods/Target Support Files/Pods-GBFrameworks/Pods-GBFrameworks.debug.xcconfig"; sourceTree = "<group>"; };
		45F4C5C6034346136CA8419F /* Pods-GBFrameworks.release.xcconfig */ = {isa = PBXFileReference; includeInIndex = 1; lastKnownFileType = text.xcconfig; name = "Pods-GBFrameworks.release.xcconfig"; path = "Pods/Target Support Files/Pods-GBFrameworks/Pods-GBFrameworks.release.xcconfig"; sourceTree = "<group>"; };
		5073A06729196E5400C6B2EA /* RealmService.swift */ = {isa = PBXFileReference; lastKnownFileType = sourcecode.swift; path = RealmService.swift; sourceTree = "<group>"; };
		5073A06929196E7800C6B2EA /* RouteManager.swift */ = {isa = PBXFileReference; lastKnownFileType = sourcecode.swift; path = RouteManager.swift; sourceTree = "<group>"; };
		5073A06D29196EB400C6B2EA /* PrivateServiceKey.swift */ = {isa = PBXFileReference; lastKnownFileType = sourcecode.swift; path = PrivateServiceKey.swift; sourceTree = "<group>"; };
		5073A06F29196ECE00C6B2EA /* RealmRouteCoodinate.swift */ = {isa = PBXFileReference; lastKnownFileType = sourcecode.swift; path = RealmRouteCoodinate.swift; sourceTree = "<group>"; };
		508AB37F2934FD8000CE4930 /* AppConfiguration.swift */ = {isa = PBXFileReference; lastKnownFileType = sourcecode.swift; path = AppConfiguration.swift; sourceTree = "<group>"; };
		50DF6252291D3FA20057C1A8 /* UserManager.swift */ = {isa = PBXFileReference; lastKnownFileType = sourcecode.swift; path = UserManager.swift; sourceTree = "<group>"; };
		50DF6254291D3FF40057C1A8 /* RealmUser.swift */ = {isa = PBXFileReference; lastKnownFileType = sourcecode.swift; path = RealmUser.swift; sourceTree = "<group>"; };
		50DF6257291D40450057C1A8 /* UserDefaults.swift */ = {isa = PBXFileReference; lastKnownFileType = sourcecode.swift; path = UserDefaults.swift; sourceTree = "<group>"; };
		50DF625A291D40760057C1A8 /* UITextField+Ext.swift */ = {isa = PBXFileReference; lastKnownFileType = sourcecode.swift; path = "UITextField+Ext.swift"; sourceTree = "<group>"; };
		50DF625D291D40CE0057C1A8 /* LoginViewController.swift */ = {isa = PBXFileReference; lastKnownFileType = sourcecode.swift; path = LoginViewController.swift; sourceTree = "<group>"; };
		50DF625F291D40ED0057C1A8 /* RegistrationViewController.swift */ = {isa = PBXFileReference; lastKnownFileType = sourcecode.swift; path = RegistrationViewController.swift; sourceTree = "<group>"; };
		50DF6262291D41440057C1A8 /* ApplicationCoordinator.swift */ = {isa = PBXFileReference; lastKnownFileType = sourcecode.swift; path = ApplicationCoordinator.swift; sourceTree = "<group>"; };
		50DF6264291D41600057C1A8 /* AuthCoordinator.swift */ = {isa = PBXFileReference; lastKnownFileType = sourcecode.swift; path = AuthCoordinator.swift; sourceTree = "<group>"; };
		50DF6266291D41840057C1A8 /* BaseCoordinator.swift */ = {isa = PBXFileReference; lastKnownFileType = sourcecode.swift; path = BaseCoordinator.swift; sourceTree = "<group>"; };
		50DF6268291D41A00057C1A8 /* MainCoordinator.swift */ = {isa = PBXFileReference; lastKnownFileType = sourcecode.swift; path = MainCoordinator.swift; sourceTree = "<group>"; };
		50DF626B291D41CC0057C1A8 /* MapViewController.swift */ = {isa = PBXFileReference; lastKnownFileType = sourcecode.swift; path = MapViewController.swift; sourceTree = "<group>"; };
		50F49DF1290166E1008B36A7 /* GBFrameworks.app */ = {isa = PBXFileReference; explicitFileType = wrapper.application; includeInIndex = 0; path = GBFrameworks.app; sourceTree = BUILT_PRODUCTS_DIR; };
		50F49DF4290166E1008B36A7 /* AppDelegate.swift */ = {isa = PBXFileReference; lastKnownFileType = sourcecode.swift; path = AppDelegate.swift; sourceTree = "<group>"; };
		50F49DF6290166E1008B36A7 /* SceneDelegate.swift */ = {isa = PBXFileReference; lastKnownFileType = sourcecode.swift; path = SceneDelegate.swift; sourceTree = "<group>"; };
		50F49DFB290166E1008B36A7 /* Base */ = {isa = PBXFileReference; lastKnownFileType = file.storyboard; name = Base; path = Base.lproj/Main.storyboard; sourceTree = "<group>"; };
		50F49DFD290166E7008B36A7 /* Assets.xcassets */ = {isa = PBXFileReference; lastKnownFileType = folder.assetcatalog; path = Assets.xcassets; sourceTree = "<group>"; };
		50F49E00290166E7008B36A7 /* Base */ = {isa = PBXFileReference; lastKnownFileType = file.storyboard; name = Base; path = Base.lproj/LaunchScreen.storyboard; sourceTree = "<group>"; };
		50F49E02290166E7008B36A7 /* Info.plist */ = {isa = PBXFileReference; lastKnownFileType = text.plist.xml; path = Info.plist; sourceTree = "<group>"; };
		50F49E07290166E8008B36A7 /* GBFrameworksTests.xctest */ = {isa = PBXFileReference; explicitFileType = wrapper.cfbundle; includeInIndex = 0; path = GBFrameworksTests.xctest; sourceTree = BUILT_PRODUCTS_DIR; };
		50F49E0B290166E8008B36A7 /* GBFrameworksTests.swift */ = {isa = PBXFileReference; lastKnownFileType = sourcecode.swift; path = GBFrameworksTests.swift; sourceTree = "<group>"; };
		50F49E11290166E8008B36A7 /* GBFrameworksUITests.xctest */ = {isa = PBXFileReference; explicitFileType = wrapper.cfbundle; includeInIndex = 0; path = GBFrameworksUITests.xctest; sourceTree = BUILT_PRODUCTS_DIR; };
		50F49E15290166E8008B36A7 /* GBFrameworksUITests.swift */ = {isa = PBXFileReference; lastKnownFileType = sourcecode.swift; path = GBFrameworksUITests.swift; sourceTree = "<group>"; };
		50F49E17290166E8008B36A7 /* GBFrameworksUITestsLaunchTests.swift */ = {isa = PBXFileReference; lastKnownFileType = sourcecode.swift; path = GBFrameworksUITestsLaunchTests.swift; sourceTree = "<group>"; };
		832FDEEA736CE0419F478F86 /* Pods_GBFrameworks.framework */ = {isa = PBXFileReference; explicitFileType = wrapper.framework; includeInIndex = 0; path = Pods_GBFrameworks.framework; sourceTree = BUILT_PRODUCTS_DIR; };
/* End PBXFileReference section */

/* Begin PBXFrameworksBuildPhase section */
		50F49DEE290166E1008B36A7 /* Frameworks */ = {
			isa = PBXFrameworksBuildPhase;
			buildActionMask = 2147483647;
			files = (
				5C38E9987DFF07E8F049E9C4 /* Pods_GBFrameworks.framework in Frameworks */,
			);
			runOnlyForDeploymentPostprocessing = 0;
		};
		50F49E04290166E8008B36A7 /* Frameworks */ = {
			isa = PBXFrameworksBuildPhase;
			buildActionMask = 2147483647;
			files = (
			);
			runOnlyForDeploymentPostprocessing = 0;
		};
		50F49E0E290166E8008B36A7 /* Frameworks */ = {
			isa = PBXFrameworksBuildPhase;
			buildActionMask = 2147483647;
			files = (
			);
			runOnlyForDeploymentPostprocessing = 0;
		};
/* End PBXFrameworksBuildPhase section */

/* Begin PBXGroup section */
		5073A06429196DF200C6B2EA /* App */ = {
			isa = PBXGroup;
			children = (
				50F49DF4290166E1008B36A7 /* AppDelegate.swift */,
				50F49DF6290166E1008B36A7 /* SceneDelegate.swift */,
			);
			path = App;
			sourceTree = "<group>";
		};
		5073A06529196E3C00C6B2EA /* BusinessLogic */ = {
			isa = PBXGroup;
			children = (
				5073A06629196E4300C6B2EA /* Services */,
				5073A06929196E7800C6B2EA /* RouteManager.swift */,
				50DF6252291D3FA20057C1A8 /* UserManager.swift */,
			);
			path = BusinessLogic;
			sourceTree = "<group>";
		};
		5073A06629196E4300C6B2EA /* Services */ = {
			isa = PBXGroup;
			children = (
				5073A06729196E5400C6B2EA /* RealmService.swift */,
			);
			path = Services;
			sourceTree = "<group>";
		};
		5073A06B29196E9D00C6B2EA /* Entity */ = {
			isa = PBXGroup;
			children = (
				5073A06D29196EB400C6B2EA /* PrivateServiceKey.swift */,
				5073A06F29196ECE00C6B2EA /* RealmRouteCoodinate.swift */,
				50DF6254291D3FF40057C1A8 /* RealmUser.swift */,
			);
			path = Entity;
			sourceTree = "<group>";
		};
		5073A07129196EFA00C6B2EA /* Flows */ = {
			isa = PBXGroup;
			children = (
				50DF626A291D41C00057C1A8 /* Main */,
				50DF6261291D41350057C1A8 /* Coordinator */,
				50DF625C291D40A40057C1A8 /* Auth */,
			);
			path = Flows;
			sourceTree = "<group>";
		};
		50DF6256291D40250057C1A8 /* Environments */ = {
			isa = PBXGroup;
			children = (
				50DF6257291D40450057C1A8 /* UserDefaults.swift */,
				508AB37F2934FD8000CE4930 /* AppConfiguration.swift */,
			);
			path = Environments;
			sourceTree = "<group>";
		};
		50DF6259291D40610057C1A8 /* Ext */ = {
			isa = PBXGroup;
			children = (
				50DF625A291D40760057C1A8 /* UITextField+Ext.swift */,
			);
			path = Ext;
			sourceTree = "<group>";
		};
		50DF625C291D40A40057C1A8 /* Auth */ = {
			isa = PBXGroup;
			children = (
				50DF625D291D40CE0057C1A8 /* LoginViewController.swift */,
				50DF625F291D40ED0057C1A8 /* RegistrationViewController.swift */,
			);
			path = Auth;
			sourceTree = "<group>";
		};
		50DF6261291D41350057C1A8 /* Coordinator */ = {
			isa = PBXGroup;
			children = (
				50DF6262291D41440057C1A8 /* ApplicationCoordinator.swift */,
				50DF6264291D41600057C1A8 /* AuthCoordinator.swift */,
				50DF6266291D41840057C1A8 /* BaseCoordinator.swift */,
				50DF6268291D41A00057C1A8 /* MainCoordinator.swift */,
			);
			path = Coordinator;
			sourceTree = "<group>";
		};
		50DF626A291D41C00057C1A8 /* Main */ = {
			isa = PBXGroup;
			children = (
				50DF626B291D41CC0057C1A8 /* MapViewController.swift */,
			);
			path = Main;
			sourceTree = "<group>";
		};
		50F49DE8290166E1008B36A7 = {
			isa = PBXGroup;
			children = (
				50F49DF3290166E1008B36A7 /* GBFrameworks */,
				50F49E0A290166E8008B36A7 /* GBFrameworksTests */,
				50F49E14290166E8008B36A7 /* GBFrameworksUITests */,
				50F49DF2290166E1008B36A7 /* Products */,
				E3338BF6FC90B28631DCDE83 /* Pods */,
				8A095AD72647CC39E6A3FEF7 /* Frameworks */,
			);
			sourceTree = "<group>";
		};
		50F49DF2290166E1008B36A7 /* Products */ = {
			isa = PBXGroup;
			children = (
				50F49DF1290166E1008B36A7 /* GBFrameworks.app */,
				50F49E07290166E8008B36A7 /* GBFrameworksTests.xctest */,
				50F49E11290166E8008B36A7 /* GBFrameworksUITests.xctest */,
			);
			name = Products;
			sourceTree = "<group>";
		};
		50F49DF3290166E1008B36A7 /* GBFrameworks */ = {
			isa = PBXGroup;
			children = (
				5073A06429196DF200C6B2EA /* App */,
				5073A06529196E3C00C6B2EA /* BusinessLogic */,
				50DF6256291D40250057C1A8 /* Environments */,
				5073A06B29196E9D00C6B2EA /* Entity */,
				50DF6259291D40610057C1A8 /* Ext */,
				5073A07129196EFA00C6B2EA /* Flows */,
				50F49DFA290166E1008B36A7 /* Main.storyboard */,
				50F49DFD290166E7008B36A7 /* Assets.xcassets */,
				50F49DFF290166E7008B36A7 /* LaunchScreen.storyboard */,
				50F49E02290166E7008B36A7 /* Info.plist */,
			);
			path = GBFrameworks;
			sourceTree = "<group>";
		};
		50F49E0A290166E8008B36A7 /* GBFrameworksTests */ = {
			isa = PBXGroup;
			children = (
				50F49E0B290166E8008B36A7 /* GBFrameworksTests.swift */,
			);
			path = GBFrameworksTests;
			sourceTree = "<group>";
		};
		50F49E14290166E8008B36A7 /* GBFrameworksUITests */ = {
			isa = PBXGroup;
			children = (
				50F49E15290166E8008B36A7 /* GBFrameworksUITests.swift */,
				50F49E17290166E8008B36A7 /* GBFrameworksUITestsLaunchTests.swift */,
			);
			path = GBFrameworksUITests;
			sourceTree = "<group>";
		};
		8A095AD72647CC39E6A3FEF7 /* Frameworks */ = {
			isa = PBXGroup;
			children = (
				832FDEEA736CE0419F478F86 /* Pods_GBFrameworks.framework */,
			);
			name = Frameworks;
			sourceTree = "<group>";
		};
		E3338BF6FC90B28631DCDE83 /* Pods */ = {
			isa = PBXGroup;
			children = (
				01942E3FCB8A56DEBB989650 /* Pods-GBFrameworks.debug.xcconfig */,
				45F4C5C6034346136CA8419F /* Pods-GBFrameworks.release.xcconfig */,
			);
			name = Pods;
			sourceTree = "<group>";
		};
/* End PBXGroup section */

/* Begin PBXNativeTarget section */
		50F49DF0290166E1008B36A7 /* GBFrameworks */ = {
			isa = PBXNativeTarget;
			buildConfigurationList = 50F49E1B290166E8008B36A7 /* Build configuration list for PBXNativeTarget "GBFrameworks" */;
			buildPhases = (
				E7417CC3B56EAEC3273E148D /* [CP] Check Pods Manifest.lock */,
				50F49DED290166E1008B36A7 /* Sources */,
				50F49DEE290166E1008B36A7 /* Frameworks */,
				50F49DEF290166E1008B36A7 /* Resources */,
				37ECF3742B826F8DBC6F2746 /* [CP] Embed Pods Frameworks */,
				FEEF265A22CB00F170A235F5 /* [CP] Copy Pods Resources */,
			);
			buildRules = (
			);
			dependencies = (
			);
			name = GBFrameworks;
			productName = GBFrameworks;
			productReference = 50F49DF1290166E1008B36A7 /* GBFrameworks.app */;
			productType = "com.apple.product-type.application";
		};
		50F49E06290166E8008B36A7 /* GBFrameworksTests */ = {
			isa = PBXNativeTarget;
			buildConfigurationList = 50F49E1E290166E8008B36A7 /* Build configuration list for PBXNativeTarget "GBFrameworksTests" */;
			buildPhases = (
				50F49E03290166E8008B36A7 /* Sources */,
				50F49E04290166E8008B36A7 /* Frameworks */,
				50F49E05290166E8008B36A7 /* Resources */,
			);
			buildRules = (
			);
			dependencies = (
				50F49E09290166E8008B36A7 /* PBXTargetDependency */,
			);
			name = GBFrameworksTests;
			productName = GBFrameworksTests;
			productReference = 50F49E07290166E8008B36A7 /* GBFrameworksTests.xctest */;
			productType = "com.apple.product-type.bundle.unit-test";
		};
		50F49E10290166E8008B36A7 /* GBFrameworksUITests */ = {
			isa = PBXNativeTarget;
			buildConfigurationList = 50F49E21290166E8008B36A7 /* Build configuration list for PBXNativeTarget "GBFrameworksUITests" */;
			buildPhases = (
				50F49E0D290166E8008B36A7 /* Sources */,
				50F49E0E290166E8008B36A7 /* Frameworks */,
				50F49E0F290166E8008B36A7 /* Resources */,
			);
			buildRules = (
			);
			dependencies = (
				50F49E13290166E8008B36A7 /* PBXTargetDependency */,
			);
			name = GBFrameworksUITests;
			productName = GBFrameworksUITests;
			productReference = 50F49E11290166E8008B36A7 /* GBFrameworksUITests.xctest */;
			productType = "com.apple.product-type.bundle.ui-testing";
		};
/* End PBXNativeTarget section */

/* Begin PBXProject section */
		50F49DE9290166E1008B36A7 /* Project object */ = {
			isa = PBXProject;
			attributes = {
				BuildIndependentTargetsInParallel = 1;
				LastSwiftUpdateCheck = 1330;
				LastUpgradeCheck = 1330;
				TargetAttributes = {
					50F49DF0290166E1008B36A7 = {
						CreatedOnToolsVersion = 13.3;
					};
					50F49E06290166E8008B36A7 = {
						CreatedOnToolsVersion = 13.3;
						TestTargetID = 50F49DF0290166E1008B36A7;
					};
					50F49E10290166E8008B36A7 = {
						CreatedOnToolsVersion = 13.3;
						TestTargetID = 50F49DF0290166E1008B36A7;
					};
				};
			};
			buildConfigurationList = 50F49DEC290166E1008B36A7 /* Build configuration list for PBXProject "GBFrameworks" */;
			compatibilityVersion = "Xcode 13.0";
			developmentRegion = en;
			hasScannedForEncodings = 0;
			knownRegions = (
				en,
				Base,
			);
			mainGroup = 50F49DE8290166E1008B36A7;
			productRefGroup = 50F49DF2290166E1008B36A7 /* Products */;
			projectDirPath = "";
			projectRoot = "";
			targets = (
				50F49DF0290166E1008B36A7 /* GBFrameworks */,
				50F49E06290166E8008B36A7 /* GBFrameworksTests */,
				50F49E10290166E8008B36A7 /* GBFrameworksUITests */,
			);
		};
/* End PBXProject section */

/* Begin PBXResourcesBuildPhase section */
		50F49DEF290166E1008B36A7 /* Resources */ = {
			isa = PBXResourcesBuildPhase;
			buildActionMask = 2147483647;
			files = (
				50F49E01290166E7008B36A7 /* LaunchScreen.storyboard in Resources */,
				50F49DFE290166E7008B36A7 /* Assets.xcassets in Resources */,
				50F49DFC290166E1008B36A7 /* Main.storyboard in Resources */,
			);
			runOnlyForDeploymentPostprocessing = 0;
		};
		50F49E05290166E8008B36A7 /* Resources */ = {
			isa = PBXResourcesBuildPhase;
			buildActionMask = 2147483647;
			files = (
			);
			runOnlyForDeploymentPostprocessing = 0;
		};
		50F49E0F290166E8008B36A7 /* Resources */ = {
			isa = PBXResourcesBuildPhase;
			buildActionMask = 2147483647;
			files = (
			);
			runOnlyForDeploymentPostprocessing = 0;
		};
/* End PBXResourcesBuildPhase section */

/* Begin PBXShellScriptBuildPhase section */
		37ECF3742B826F8DBC6F2746 /* [CP] Embed Pods Frameworks */ = {
			isa = PBXShellScriptBuildPhase;
			buildActionMask = 2147483647;
			files = (
			);
			inputFileListPaths = (
				"${PODS_ROOT}/Target Support Files/Pods-GBFrameworks/Pods-GBFrameworks-frameworks-${CONFIGURATION}-input-files.xcfilelist",
			);
			name = "[CP] Embed Pods Frameworks";
			outputFileListPaths = (
				"${PODS_ROOT}/Target Support Files/Pods-GBFrameworks/Pods-GBFrameworks-frameworks-${CONFIGURATION}-output-files.xcfilelist",
			);
			runOnlyForDeploymentPostprocessing = 0;
			shellPath = /bin/sh;
			shellScript = "\"${PODS_ROOT}/Target Support Files/Pods-GBFrameworks/Pods-GBFrameworks-frameworks.sh\"\n";
			showEnvVarsInLog = 0;
		};
		E7417CC3B56EAEC3273E148D /* [CP] Check Pods Manifest.lock */ = {
			isa = PBXShellScriptBuildPhase;
			buildActionMask = 2147483647;
			files = (
			);
			inputFileListPaths = (
			);
			inputPaths = (
				"${PODS_PODFILE_DIR_PATH}/Podfile.lock",
				"${PODS_ROOT}/Manifest.lock",
			);
			name = "[CP] Check Pods Manifest.lock";
			outputFileListPaths = (
			);
			outputPaths = (
				"$(DERIVED_FILE_DIR)/Pods-GBFrameworks-checkManifestLockResult.txt",
			);
			runOnlyForDeploymentPostprocessing = 0;
			shellPath = /bin/sh;
			shellScript = "diff \"${PODS_PODFILE_DIR_PATH}/Podfile.lock\" \"${PODS_ROOT}/Manifest.lock\" > /dev/null\nif [ $? != 0 ] ; then\n    # print error to STDERR\n    echo \"error: The sandbox is not in sync with the Podfile.lock. Run 'pod install' or update your CocoaPods installation.\" >&2\n    exit 1\nfi\n# This output is used by Xcode 'outputs' to avoid re-running this script phase.\necho \"SUCCESS\" > \"${SCRIPT_OUTPUT_FILE_0}\"\n";
			showEnvVarsInLog = 0;
		};
		FEEF265A22CB00F170A235F5 /* [CP] Copy Pods Resources */ = {
			isa = PBXShellScriptBuildPhase;
			buildActionMask = 2147483647;
			files = (
			);
			inputFileListPaths = (
				"${PODS_ROOT}/Target Support Files/Pods-GBFrameworks/Pods-GBFrameworks-resources-${CONFIGURATION}-input-files.xcfilelist",
			);
			name = "[CP] Copy Pods Resources";
			outputFileListPaths = (
				"${PODS_ROOT}/Target Support Files/Pods-GBFrameworks/Pods-GBFrameworks-resources-${CONFIGURATION}-output-files.xcfilelist",
			);
			runOnlyForDeploymentPostprocessing = 0;
			shellPath = /bin/sh;
			shellScript = "\"${PODS_ROOT}/Target Support Files/Pods-GBFrameworks/Pods-GBFrameworks-resources.sh\"\n";
			showEnvVarsInLog = 0;
		};
/* End PBXShellScriptBuildPhase section */

/* Begin PBXSourcesBuildPhase section */
		50F49DED290166E1008B36A7 /* Sources */ = {
			isa = PBXSourcesBuildPhase;
			buildActionMask = 2147483647;
			files = (
				508AB3802934FD8000CE4930 /* AppConfiguration.swift in Sources */,
				50DF625E291D40CE0057C1A8 /* LoginViewController.swift in Sources */,
				5073A07029196ECE00C6B2EA /* RealmRouteCoodinate.swift in Sources */,
				50DF6263291D41440057C1A8 /* ApplicationCoordinator.swift in Sources */,
				5073A06A29196E7800C6B2EA /* RouteManager.swift in Sources */,
				50DF6265291D41600057C1A8 /* AuthCoordinator.swift in Sources */,
				50DF625B291D40760057C1A8 /* UITextField+Ext.swift in Sources */,
				50DF6260291D40ED0057C1A8 /* RegistrationViewController.swift in Sources */,
				50F49DF5290166E1008B36A7 /* AppDelegate.swift in Sources */,
				50F49DF7290166E1008B36A7 /* SceneDelegate.swift in Sources */,
				50DF6269291D41A00057C1A8 /* MainCoordinator.swift in Sources */,
				50DF6255291D3FF40057C1A8 /* RealmUser.swift in Sources */,
				50DF6267291D41840057C1A8 /* BaseCoordinator.swift in Sources */,
				50DF6258291D40450057C1A8 /* UserDefaults.swift in Sources */,
				5073A06829196E5400C6B2EA /* RealmService.swift in Sources */,
				50DF6253291D3FA30057C1A8 /* UserManager.swift in Sources */,
				5073A06E29196EB400C6B2EA /* PrivateServiceKey.swift in Sources */,
				50DF626C291D41CC0057C1A8 /* MapViewController.swift in Sources */,
			);
			runOnlyForDeploymentPostprocessing = 0;
		};
		50F49E03290166E8008B36A7 /* Sources */ = {
			isa = PBXSourcesBuildPhase;
			buildActionMask = 2147483647;
			files = (
				50F49E0C290166E8008B36A7 /* GBFrameworksTests.swift in Sources */,
			);
			runOnlyForDeploymentPostprocessing = 0;
		};
		50F49E0D290166E8008B36A7 /* Sources */ = {
			isa = PBXSourcesBuildPhase;
			buildActionMask = 2147483647;
			files = (
				50F49E18290166E8008B36A7 /* GBFrameworksUITestsLaunchTests.swift in Sources */,
				50F49E16290166E8008B36A7 /* GBFrameworksUITests.swift in Sources */,
			);
			runOnlyForDeploymentPostprocessing = 0;
		};
/* End PBXSourcesBuildPhase section */

/* Begin PBXTargetDependency section */
		50F49E09290166E8008B36A7 /* PBXTargetDependency */ = {
			isa = PBXTargetDependency;
			target = 50F49DF0290166E1008B36A7 /* GBFrameworks */;
			targetProxy = 50F49E08290166E8008B36A7 /* PBXContainerItemProxy */;
		};
		50F49E13290166E8008B36A7 /* PBXTargetDependency */ = {
			isa = PBXTargetDependency;
			target = 50F49DF0290166E1008B36A7 /* GBFrameworks */;
			targetProxy = 50F49E12290166E8008B36A7 /* PBXContainerItemProxy */;
		};
/* End PBXTargetDependency section */

/* Begin PBXVariantGroup section */
		50F49DFA290166E1008B36A7 /* Main.storyboard */ = {
			isa = PBXVariantGroup;
			children = (
				50F49DFB290166E1008B36A7 /* Base */,
			);
			name = Main.storyboard;
			sourceTree = "<group>";
		};
		50F49DFF290166E7008B36A7 /* LaunchScreen.storyboard */ = {
			isa = PBXVariantGroup;
			children = (
				50F49E00290166E7008B36A7 /* Base */,
			);
			name = LaunchScreen.storyboard;
			sourceTree = "<group>";
		};
/* End PBXVariantGroup section */

/* Begin XCBuildConfiguration section */
		50F49E19290166E8008B36A7 /* Debug */ = {
			isa = XCBuildConfiguration;
			buildSettings = {
				ALWAYS_SEARCH_USER_PATHS = NO;
				CLANG_ANALYZER_NONNULL = YES;
				CLANG_ANALYZER_NUMBER_OBJECT_CONVERSION = YES_AGGRESSIVE;
				CLANG_CXX_LANGUAGE_STANDARD = "gnu++17";
				CLANG_ENABLE_MODULES = YES;
				CLANG_ENABLE_OBJC_ARC = YES;
				CLANG_ENABLE_OBJC_WEAK = YES;
				CLANG_WARN_BLOCK_CAPTURE_AUTORELEASING = YES;
				CLANG_WARN_BOOL_CONVERSION = YES;
				CLANG_WARN_COMMA = YES;
				CLANG_WARN_CONSTANT_CONVERSION = YES;
				CLANG_WARN_DEPRECATED_OBJC_IMPLEMENTATIONS = YES;
				CLANG_WARN_DIRECT_OBJC_ISA_USAGE = YES_ERROR;
				CLANG_WARN_DOCUMENTATION_COMMENTS = YES;
				CLANG_WARN_EMPTY_BODY = YES;
				CLANG_WARN_ENUM_CONVERSION = YES;
				CLANG_WARN_INFINITE_RECURSION = YES;
				CLANG_WARN_INT_CONVERSION = YES;
				CLANG_WARN_NON_LITERAL_NULL_CONVERSION = YES;
				CLANG_WARN_OBJC_IMPLICIT_RETAIN_SELF = YES;
				CLANG_WARN_OBJC_LITERAL_CONVERSION = YES;
				CLANG_WARN_OBJC_ROOT_CLASS = YES_ERROR;
				CLANG_WARN_QUOTED_INCLUDE_IN_FRAMEWORK_HEADER = YES;
				CLANG_WARN_RANGE_LOOP_ANALYSIS = YES;
				CLANG_WARN_STRICT_PROTOTYPES = YES;
				CLANG_WARN_SUSPICIOUS_MOVE = YES;
				CLANG_WARN_UNGUARDED_AVAILABILITY = YES_AGGRESSIVE;
				CLANG_WARN_UNREACHABLE_CODE = YES;
				CLANG_WARN__DUPLICATE_METHOD_MATCH = YES;
				COPY_PHASE_STRIP = NO;
				DEBUG_INFORMATION_FORMAT = dwarf;
				ENABLE_STRICT_OBJC_MSGSEND = YES;
				ENABLE_TESTABILITY = YES;
				GCC_C_LANGUAGE_STANDARD = gnu11;
				GCC_DYNAMIC_NO_PIC = NO;
				GCC_NO_COMMON_BLOCKS = YES;
				GCC_OPTIMIZATION_LEVEL = 0;
				GCC_PREPROCESSOR_DEFINITIONS = (
					"DEBUG=1",
					"$(inherited)",
				);
				GCC_WARN_64_TO_32_BIT_CONVERSION = YES;
				GCC_WARN_ABOUT_RETURN_TYPE = YES_ERROR;
				GCC_WARN_UNDECLARED_SELECTOR = YES;
				GCC_WARN_UNINITIALIZED_AUTOS = YES_AGGRESSIVE;
				GCC_WARN_UNUSED_FUNCTION = YES;
				GCC_WARN_UNUSED_VARIABLE = YES;
				IPHONEOS_DEPLOYMENT_TARGET = 15.4;
				MTL_ENABLE_DEBUG_INFO = INCLUDE_SOURCE;
				MTL_FAST_MATH = YES;
				ONLY_ACTIVE_ARCH = YES;
				SDKROOT = iphoneos;
				SWIFT_ACTIVE_COMPILATION_CONDITIONS = DEBUG;
				SWIFT_OPTIMIZATION_LEVEL = "-Onone";
			};
			name = Debug;
		};
		50F49E1A290166E8008B36A7 /* Release */ = {
			isa = XCBuildConfiguration;
			buildSettings = {
				ALWAYS_SEARCH_USER_PATHS = NO;
				CLANG_ANALYZER_NONNULL = YES;
				CLANG_ANALYZER_NUMBER_OBJECT_CONVERSION = YES_AGGRESSIVE;
				CLANG_CXX_LANGUAGE_STANDARD = "gnu++17";
				CLANG_ENABLE_MODULES = YES;
				CLANG_ENABLE_OBJC_ARC = YES;
				CLANG_ENABLE_OBJC_WEAK = YES;
				CLANG_WARN_BLOCK_CAPTURE_AUTORELEASING = YES;
				CLANG_WARN_BOOL_CONVERSION = YES;
				CLANG_WARN_COMMA = YES;
				CLANG_WARN_CONSTANT_CONVERSION = YES;
				CLANG_WARN_DEPRECATED_OBJC_IMPLEMENTATIONS = YES;
				CLANG_WARN_DIRECT_OBJC_ISA_USAGE = YES_ERROR;
				CLANG_WARN_DOCUMENTATION_COMMENTS = YES;
				CLANG_WARN_EMPTY_BODY = YES;
				CLANG_WARN_ENUM_CONVERSION = YES;
				CLANG_WARN_INFINITE_RECURSION = YES;
				CLANG_WARN_INT_CONVERSION = YES;
				CLANG_WARN_NON_LITERAL_NULL_CONVERSION = YES;
				CLANG_WARN_OBJC_IMPLICIT_RETAIN_SELF = YES;
				CLANG_WARN_OBJC_LITERAL_CONVERSION = YES;
				CLANG_WARN_OBJC_ROOT_CLASS = YES_ERROR;
				CLANG_WARN_QUOTED_INCLUDE_IN_FRAMEWORK_HEADER = YES;
				CLANG_WARN_RANGE_LOOP_ANALYSIS = YES;
				CLANG_WARN_STRICT_PROTOTYPES = YES;
				CLANG_WARN_SUSPICIOUS_MOVE = YES;
				CLANG_WARN_UNGUARDED_AVAILABILITY = YES_AGGRESSIVE;
				CLANG_WARN_UNREACHABLE_CODE = YES;
				CLANG_WARN__DUPLICATE_METHOD_MATCH = YES;
				COPY_PHASE_STRIP = NO;
				DEBUG_INFORMATION_FORMAT = "dwarf-with-dsym";
				ENABLE_NS_ASSERTIONS = NO;
				ENABLE_STRICT_OBJC_MSGSEND = YES;
				GCC_C_LANGUAGE_STANDARD = gnu11;
				GCC_NO_COMMON_BLOCKS = YES;
				GCC_WARN_64_TO_32_BIT_CONVERSION = YES;
				GCC_WARN_ABOUT_RETURN_TYPE = YES_ERROR;
				GCC_WARN_UNDECLARED_SELECTOR = YES;
				GCC_WARN_UNINITIALIZED_AUTOS = YES_AGGRESSIVE;
				GCC_WARN_UNUSED_FUNCTION = YES;
				GCC_WARN_UNUSED_VARIABLE = YES;
				IPHONEOS_DEPLOYMENT_TARGET = 15.4;
				MTL_ENABLE_DEBUG_INFO = NO;
				MTL_FAST_MATH = YES;
				SDKROOT = iphoneos;
				SWIFT_COMPILATION_MODE = wholemodule;
				SWIFT_OPTIMIZATION_LEVEL = "-O";
				VALIDATE_PRODUCT = YES;
			};
			name = Release;
		};
		50F49E1C290166E8008B36A7 /* Debug */ = {
			isa = XCBuildConfiguration;
			baseConfigurationReference = 01942E3FCB8A56DEBB989650 /* Pods-GBFrameworks.debug.xcconfig */;
			buildSettings = {
				ASSETCATALOG_COMPILER_APPICON_NAME = AppIcon;
				ASSETCATALOG_COMPILER_GLOBAL_ACCENT_COLOR_NAME = AccentColor;
				CODE_SIGN_STYLE = Automatic;
				CURRENT_PROJECT_VERSION = 1;
				DEVELOPMENT_TEAM = BB9VRGTTUK;
				GENERATE_INFOPLIST_FILE = YES;
				INFOPLIST_FILE = GBFrameworks/Info.plist;
				INFOPLIST_KEY_UIApplicationSupportsIndirectInputEvents = YES;
				INFOPLIST_KEY_UILaunchStoryboardName = LaunchScreen;
				INFOPLIST_KEY_UIMainStoryboardFile = Main;
				INFOPLIST_KEY_UISupportedInterfaceOrientations_iPad = "UIInterfaceOrientationPortrait UIInterfaceOrientationPortraitUpsideDown UIInterfaceOrientationLandscapeLeft UIInterfaceOrientationLandscapeRight";
				INFOPLIST_KEY_UISupportedInterfaceOrientations_iPhone = "UIInterfaceOrientationPortrait UIInterfaceOrientationLandscapeLeft UIInterfaceOrientationLandscapeRight";
				LD_RUNPATH_SEARCH_PATHS = (
					"$(inherited)",
					"@executable_path/Frameworks",
				);
				MARKETING_VERSION = 1.0;
				PRODUCT_BUNDLE_IDENTIFIER = com.gb.GBFrameworks.GBFrameworks;
				PRODUCT_NAME = "$(TARGET_NAME)";
				SWIFT_EMIT_LOC_STRINGS = YES;
				SWIFT_VERSION = 5.0;
				TARGETED_DEVICE_FAMILY = "1,2";
			};
			name = Debug;
		};
		50F49E1D290166E8008B36A7 /* Release */ = {
			isa = XCBuildConfiguration;
			baseConfigurationReference = 45F4C5C6034346136CA8419F /* Pods-GBFrameworks.release.xcconfig */;
			buildSettings = {
				ASSETCATALOG_COMPILER_APPICON_NAME = AppIcon;
				ASSETCATALOG_COMPILER_GLOBAL_ACCENT_COLOR_NAME = AccentColor;
				CODE_SIGN_STYLE = Automatic;
				CURRENT_PROJECT_VERSION = 1;
				DEVELOPMENT_TEAM = BB9VRGTTUK;
				GENERATE_INFOPLIST_FILE = YES;
				INFOPLIST_FILE = GBFrameworks/Info.plist;
				INFOPLIST_KEY_UIApplicationSupportsIndirectInputEvents = YES;
				INFOPLIST_KEY_UILaunchStoryboardName = LaunchScreen;
				INFOPLIST_KEY_UIMainStoryboardFile = Main;
				INFOPLIST_KEY_UISupportedInterfaceOrientations_iPad = "UIInterfaceOrientationPortrait UIInterfaceOrientationPortraitUpsideDown UIInterfaceOrientationLandscapeLeft UIInterfaceOrientationLandscapeRight";
				INFOPLIST_KEY_UISupportedInterfaceOrientations_iPhone = "UIInterfaceOrientationPortrait UIInterfaceOrientationLandscapeLeft UIInterfaceOrientationLandscapeRight";
				LD_RUNPATH_SEARCH_PATHS = (
					"$(inherited)",
					"@executable_path/Frameworks",
				);
				MARKETING_VERSION = 1.0;
				PRODUCT_BUNDLE_IDENTIFIER = com.gb.GBFrameworks.GBFrameworks;
				PRODUCT_NAME = "$(TARGET_NAME)";
				SWIFT_EMIT_LOC_STRINGS = YES;
				SWIFT_VERSION = 5.0;
				TARGETED_DEVICE_FAMILY = "1,2";
			};
			name = Release;
		};
		50F49E1F290166E8008B36A7 /* Debug */ = {
			isa = XCBuildConfiguration;
			buildSettings = {
				ALWAYS_EMBED_SWIFT_STANDARD_LIBRARIES = YES;
				BUNDLE_LOADER = "$(TEST_HOST)";
				CODE_SIGN_STYLE = Automatic;
				CURRENT_PROJECT_VERSION = 1;
				DEVELOPMENT_TEAM = BB9VRGTTUK;
				GENERATE_INFOPLIST_FILE = YES;
				IPHONEOS_DEPLOYMENT_TARGET = 15.4;
				MARKETING_VERSION = 1.0;
				PRODUCT_BUNDLE_IDENTIFIER = com.gb.GBFrameworks.GBFrameworksTests;
				PRODUCT_NAME = "$(TARGET_NAME)";
				SWIFT_EMIT_LOC_STRINGS = NO;
				SWIFT_VERSION = 5.0;
				TARGETED_DEVICE_FAMILY = "1,2";
				TEST_HOST = "$(BUILT_PRODUCTS_DIR)/GBFrameworks.app/GBFrameworks";
			};
			name = Debug;
		};
		50F49E20290166E8008B36A7 /* Release */ = {
			isa = XCBuildConfiguration;
			buildSettings = {
				ALWAYS_EMBED_SWIFT_STANDARD_LIBRARIES = YES;
				BUNDLE_LOADER = "$(TEST_HOST)";
				CODE_SIGN_STYLE = Automatic;
				CURRENT_PROJECT_VERSION = 1;
				DEVELOPMENT_TEAM = BB9VRGTTUK;
				GENERATE_INFOPLIST_FILE = YES;
				IPHONEOS_DEPLOYMENT_TARGET = 15.4;
				MARKETING_VERSION = 1.0;
				PRODUCT_BUNDLE_IDENTIFIER = com.gb.GBFrameworks.GBFrameworksTests;
				PRODUCT_NAME = "$(TARGET_NAME)";
				SWIFT_EMIT_LOC_STRINGS = NO;
				SWIFT_VERSION = 5.0;
				TARGETED_DEVICE_FAMILY = "1,2";
				TEST_HOST = "$(BUILT_PRODUCTS_DIR)/GBFrameworks.app/GBFrameworks";
			};
			name = Release;
		};
		50F49E22290166E8008B36A7 /* Debug */ = {
			isa = XCBuildConfiguration;
			buildSettings = {
				ALWAYS_EMBED_SWIFT_STANDARD_LIBRARIES = YES;
				CODE_SIGN_STYLE = Automatic;
				CURRENT_PROJECT_VERSION = 1;
				DEVELOPMENT_TEAM = BB9VRGTTUK;
				GENERATE_INFOPLIST_FILE = YES;
				MARKETING_VERSION = 1.0;
				PRODUCT_BUNDLE_IDENTIFIER = com.gb.GBFrameworks.GBFrameworksUITests;
				PRODUCT_NAME = "$(TARGET_NAME)";
				SWIFT_EMIT_LOC_STRINGS = NO;
				SWIFT_VERSION = 5.0;
				TARGETED_DEVICE_FAMILY = "1,2";
				TEST_TARGET_NAME = GBFrameworks;
			};
			name = Debug;
		};
		50F49E23290166E8008B36A7 /* Release */ = {
			isa = XCBuildConfiguration;
			buildSettings = {
				ALWAYS_EMBED_SWIFT_STANDARD_LIBRARIES = YES;
				CODE_SIGN_STYLE = Automatic;
				CURRENT_PROJECT_VERSION = 1;
				DEVELOPMENT_TEAM = BB9VRGTTUK;
				GENERATE_INFOPLIST_FILE = YES;
				MARKETING_VERSION = 1.0;
				PRODUCT_BUNDLE_IDENTIFIER = com.gb.GBFrameworks.GBFrameworksUITests;
				PRODUCT_NAME = "$(TARGET_NAME)";
				SWIFT_EMIT_LOC_STRINGS = NO;
				SWIFT_VERSION = 5.0;
				TARGETED_DEVICE_FAMILY = "1,2";
				TEST_TARGET_NAME = GBFrameworks;
			};
			name = Release;
		};
/* End XCBuildConfiguration section */

/* Begin XCConfigurationList section */
		50F49DEC290166E1008B36A7 /* Build configuration list for PBXProject "GBFrameworks" */ = {
			isa = XCConfigurationList;
			buildConfigurations = (
				50F49E19290166E8008B36A7 /* Debug */,
				50F49E1A290166E8008B36A7 /* Release */,
			);
			defaultConfigurationIsVisible = 0;
			defaultConfigurationName = Release;
		};
		50F49E1B290166E8008B36A7 /* Build configuration list for PBXNativeTarget "GBFrameworks" */ = {
			isa = XCConfigurationList;
			buildConfigurations = (
				50F49E1C290166E8008B36A7 /* Debug */,
				50F49E1D290166E8008B36A7 /* Release */,
			);
			defaultConfigurationIsVisible = 0;
			defaultConfigurationName = Release;
		};
		50F49E1E290166E8008B36A7 /* Build configuration list for PBXNativeTarget "GBFrameworksTests" */ = {
			isa = XCConfigurationList;
			buildConfigurations = (
				50F49E1F290166E8008B36A7 /* Debug */,
				50F49E20290166E8008B36A7 /* Release */,
			);
			defaultConfigurationIsVisible = 0;
			defaultConfigurationName = Release;
		};
		50F49E21290166E8008B36A7 /* Build configuration list for PBXNativeTarget "GBFrameworksUITests" */ = {
			isa = XCConfigurationList;
			buildConfigurations = (
				50F49E22290166E8008B36A7 /* Debug */,
				50F49E23290166E8008B36A7 /* Release */,
			);
			defaultConfigurationIsVisible = 0;
			defaultConfigurationName = Release;
		};
/* End XCConfigurationList section */
	};
	rootObject = 50F49DE9290166E1008B36A7 /* Project object */;
}
